{
  "name": "linkeddatatutorial",
  "version": "1.0.0",
  "lockfileVersion": 2,
  "requires": true,
  "packages": {
    "": {
      "name": "linkeddatatutorial",
      "version": "1.0.0",
      "license": "ISC",
      "dependencies": {
        "@inrupt/vocab-common-rdf-solidcommonvocab": "^1.0.3",
        "@inrupt/vocab-linked-data-tutorial-bundle-all-solidcommonvocab": "file:./Generated/SourceCodeArtifacts/TypeScript-SolidCommonVocab",
        "rdf-js": "^4.0.2"
      },
      "devDependencies": {
        "@rdfjs/types": "^1.1.0",
        "rollup": "^2.72.1"
      }
    },
    "Generated/SourceCodeArtifacts/TypeScript-SolidCommonVocab": {
      "name": "@inrupt/vocab-etl-tutorial-bundle-all-solidcommonvocab",
      "version": "1.0.1",
      "license": "Proprietary",
      "dependencies": {
        "@inrupt/solid-common-vocab": "^1.0.0",
        "@rdfjs/types": "^1.0.1",
        "rdf-data-factory": "^1.1.0"
      },
      "devDependencies": {
        "typescript": "^4.7.4"
      }
    },
    "Generated/SourceCodeArtifacts/TypeScript-SolidCommonVocab/node_modules/@inrupt/solid-common-vocab": {
      "version": "1.0.0",
      "resolved": "https://registry.npmjs.org/@inrupt/solid-common-vocab/-/solid-common-vocab-1.0.0.tgz",
      "integrity": "sha512-LcImhJqqPsNl/OlULzEEK2rYevty0eh1zaOLVz3lnydEU1DQkeaJ8fKBxKdp5/QjCtnIYcaDjh5U11PGh29Dgg=="
    },
    "Generated/SourceCodeArtifacts/TypeScript-SolidCommonVocab/node_modules/rdf-data-factory": {
      "version": "1.1.0",
      "resolved": "https://registry.npmjs.org/rdf-data-factory/-/rdf-data-factory-1.1.0.tgz",
      "integrity": "sha512-g8feOVZ/KL1OK2Pco/jDBDFh4m29QDsOOD+rWloG9qFvIzRFchGy2CviLUX491E0ByewXxMpaq/A3zsWHQA16A==",
      "dependencies": {
        "@rdfjs/types": "*"
      }
    },
    "node_modules/@inrupt/solid-common-vocab": {
      "version": "1.0.0",
      "resolved": "https://registry.npmjs.org/@inrupt/solid-common-vocab/-/solid-common-vocab-1.0.0.tgz",
      "integrity": "sha512-LcImhJqqPsNl/OlULzEEK2rYevty0eh1zaOLVz3lnydEU1DQkeaJ8fKBxKdp5/QjCtnIYcaDjh5U11PGh29Dgg=="
    },
    "node_modules/@inrupt/vocab-common-rdf-solidcommonvocab": {
      "version": "1.0.3",
      "resolved": "https://registry.npmjs.org/@inrupt/vocab-common-rdf-solidcommonvocab/-/vocab-common-rdf-solidcommonvocab-1.0.3.tgz",
      "integrity": "sha512-Rhaqdb1WjuejLi5D4fQPPe252u5MuBm76uQDt3eBAg7nAjhZr9Vc9WiuXQyDqXYVR5xAy7nSK8uLRZT7tcM/OA==",
      "dependencies": {
        "@inrupt/solid-common-vocab": "^1.0.0",
        "@rdfjs/types": "^1.0.1",
        "rdf-data-factory": "^1.1.0"
      }
    },
    "node_modules/@inrupt/vocab-linked-data-tutorial-bundle-all-solidcommonvocab": {
      "resolved": "Generated/SourceCodeArtifacts/TypeScript-SolidCommonVocab",
      "link": true
    },
    "node_modules/@rdfjs/types": {
      "version": "1.1.0",
      "resolved": "https://registry.npmjs.org/@rdfjs/types/-/types-1.1.0.tgz",
      "integrity": "sha512-5zm8bN2/CC634dTcn/0AhTRLaQRjXDZs3QfcAsQKNturHT7XVWcKy/8p3P5gXl+YkZTAmy7T5M/LyiT/jbkENw==",
      "dependencies": {
        "@types/node": "*"
      }
    },
    "node_modules/@types/node": {
      "version": "17.0.32",
      "resolved": "https://registry.npmjs.org/@types/node/-/node-17.0.32.tgz",
      "integrity": "sha512-eAIcfAvhf/BkHcf4pkLJ7ECpBAhh9kcxRBpip9cTiO+hf+aJrsxYxBeS6OXvOd9WqNAJmavXVpZvY1rBjNsXmw=="
    },
    "node_modules/fsevents": {
      "version": "2.3.2",
      "resolved": "https://registry.npmjs.org/fsevents/-/fsevents-2.3.2.tgz",
      "integrity": "sha512-xiqMQR4xAeHTuB9uWm+fFRcIOgKBMiOBP+eXiyT7jsgVCq1bkVygt00oASowB7EdtpOHaaPgKt812P9ab+DDKA==",
      "dev": true,
      "hasInstallScript": true,
      "optional": true,
      "os": [
        "darwin"
      ],
      "engines": {
        "node": "^8.16.0 || ^10.6.0 || >=11.0.0"
      }
    },
    "node_modules/rdf-data-factory": {
      "version": "1.1.0",
      "resolved": "https://registry.npmjs.org/rdf-data-factory/-/rdf-data-factory-1.1.0.tgz",
      "integrity": "sha512-g8feOVZ/KL1OK2Pco/jDBDFh4m29QDsOOD+rWloG9qFvIzRFchGy2CviLUX491E0ByewXxMpaq/A3zsWHQA16A==",
      "dependencies": {
        "@rdfjs/types": "*"
      }
    },
    "node_modules/rdf-js": {
      "version": "4.0.2",
      "resolved": "https://registry.npmjs.org/rdf-js/-/rdf-js-4.0.2.tgz",
      "integrity": "sha512-ApvlFa/WsQh8LpPK/6hctQwG06Z9ztQQGWVtrcrf9L6+sejHNXLPOqL+w7q3hF+iL0C4sv3AX1PUtGkLNzyZ0Q==",
      "dependencies": {
        "@rdfjs/types": "*"
      }
    },
    "node_modules/rollup": {
      "version": "2.72.1",
      "resolved": "https://registry.npmjs.org/rollup/-/rollup-2.72.1.tgz",
      "integrity": "sha512-NTc5UGy/NWFGpSqF1lFY8z9Adri6uhyMLI6LvPAXdBKoPRFhIIiBUpt+Qg2awixqO3xvzSijjhnb4+QEZwJmxA==",
      "dev": true,
      "bin": {
        "rollup": "dist/bin/rollup"
      },
      "engines": {
        "node": ">=10.0.0"
      },
      "optionalDependencies": {
        "fsevents": "~2.3.2"
      }
    },
    "node_modules/typescript": {
      "version": "4.7.4",
      "resolved": "https://registry.npmjs.org/typescript/-/typescript-4.7.4.tgz",
      "integrity": "sha512-C0WQT0gezHuw6AdY1M2jxUO83Rjf0HP7Sk1DtXj6j1EwkQNZrHAg2XPWlq62oqEhYvONq5pkC2Y9oPljWToLmQ==",
      "dev": true,
      "bin": {
        "tsc": "bin/tsc",
        "tsserver": "bin/tsserver"
      },
      "engines": {
        "node": ">=4.2.0"
      }
    }
  },
  "dependencies": {
    "@inrupt/solid-common-vocab": {
      "version": "1.0.0",
      "resolved": "https://registry.npmjs.org/@inrupt/solid-common-vocab/-/solid-common-vocab-1.0.0.tgz",
      "integrity": "sha512-LcImhJqqPsNl/OlULzEEK2rYevty0eh1zaOLVz3lnydEU1DQkeaJ8fKBxKdp5/QjCtnIYcaDjh5U11PGh29Dgg=="
    },
    "@inrupt/vocab-common-rdf-solidcommonvocab": {
      "version": "1.0.3",
      "resolved": "https://registry.npmjs.org/@inrupt/vocab-common-rdf-solidcommonvocab/-/vocab-common-rdf-solidcommonvocab-1.0.3.tgz",
      "integrity": "sha512-Rhaqdb1WjuejLi5D4fQPPe252u5MuBm76uQDt3eBAg7nAjhZr9Vc9WiuXQyDqXYVR5xAy7nSK8uLRZT7tcM/OA==",
      "requires": {
        "@inrupt/solid-common-vocab": "^1.0.0",
        "@rdfjs/types": "^1.0.1",
        "rdf-data-factory": "^1.1.0"
      }
    },
    "@inrupt/vocab-linked-data-tutorial-bundle-all-solidcommonvocab": {
      "version": "file:Generated/SourceCodeArtifacts/TypeScript-SolidCommonVocab",
      "requires": {
        "@inrupt/solid-common-vocab": "^1.0.0",
        "@rdfjs/types": "^1.0.1",
        "rdf-data-factory": "^1.1.0",
        "typescript": "^4.7.4"
      },
      "dependencies": {
        "@inrupt/solid-common-vocab": {
          "version": "1.0.0",
          "resolved": "https://registry.npmjs.org/@inrupt/solid-common-vocab/-/solid-common-vocab-1.0.0.tgz",
          "integrity": "sha512-LcImhJqqPsNl/OlULzEEK2rYevty0eh1zaOLVz3lnydEU1DQkeaJ8fKBxKdp5/QjCtnIYcaDjh5U11PGh29Dgg=="
        },
        "rdf-data-factory": {
          "version": "1.1.0",
          "resolved": "https://registry.npmjs.org/rdf-data-factory/-/rdf-data-factory-1.1.0.tgz",
          "integrity": "sha512-g8feOVZ/KL1OK2Pco/jDBDFh4m29QDsOOD+rWloG9qFvIzRFchGy2CviLUX491E0ByewXxMpaq/A3zsWHQA16A==",
          "requires": {
            "@rdfjs/types": "*"
          }
        }
      }
    },
    "@rdfjs/types": {
      "version": "1.1.0",
      "resolved": "https://registry.npmjs.org/@rdfjs/types/-/types-1.1.0.tgz",
      "integrity": "sha512-5zm8bN2/CC634dTcn/0AhTRLaQRjXDZs3QfcAsQKNturHT7XVWcKy/8p3P5gXl+YkZTAmy7T5M/LyiT/jbkENw==",
      "requires": {
        "@types/node": "*"
      }
    },
    "@types/node": {
      "version": "17.0.32",
      "resolved": "https://registry.npmjs.org/@types/node/-/node-17.0.32.tgz",
      "integrity": "sha512-eAIcfAvhf/BkHcf4pkLJ7ECpBAhh9kcxRBpip9cTiO+hf+aJrsxYxBeS6OXvOd9WqNAJmavXVpZvY1rBjNsXmw=="
    },
    "fsevents": {
      "version": "2.3.2",
      "resolved": "https://registry.npmjs.org/fsevents/-/fsevents-2.3.2.tgz",
      "integrity": "sha512-xiqMQR4xAeHTuB9uWm+fFRcIOgKBMiOBP+eXiyT7jsgVCq1bkVygt00oASowB7EdtpOHaaPgKt812P9ab+DDKA==",
      "dev": true,
      "optional": true
    },
    "rdf-data-factory": {
      "version": "1.1.0",
      "resolved": "https://registry.npmjs.org/rdf-data-factory/-/rdf-data-factory-1.1.0.tgz",
      "integrity": "sha512-g8feOVZ/KL1OK2Pco/jDBDFh4m29QDsOOD+rWloG9qFvIzRFchGy2CviLUX491E0ByewXxMpaq/A3zsWHQA16A==",
      "requires": {
        "@rdfjs/types": "*"
      }
    },
    "rdf-js": {
      "version": "4.0.2",
      "resolved": "https://registry.npmjs.org/rdf-js/-/rdf-js-4.0.2.tgz",
      "integrity": "sha512-ApvlFa/WsQh8LpPK/6hctQwG06Z9ztQQGWVtrcrf9L6+sejHNXLPOqL+w7q3hF+iL0C4sv3AX1PUtGkLNzyZ0Q==",
      "requires": {
        "@rdfjs/types": "*"
      }
    },
    "rollup": {
      "version": "2.72.1",
      "resolved": "https://registry.npmjs.org/rollup/-/rollup-2.72.1.tgz",
      "integrity": "sha512-NTc5UGy/NWFGpSqF1lFY8z9Adri6uhyMLI6LvPAXdBKoPRFhIIiBUpt+Qg2awixqO3xvzSijjhnb4+QEZwJmxA==",
      "dev": true,
      "requires": {
        "fsevents": "~2.3.2"
      }
    },
    "typescript": {
      "version": "4.7.4",
      "resolved": "https://registry.npmjs.org/typescript/-/typescript-4.7.4.tgz",
      "integrity": "sha512-C0WQT0gezHuw6AdY1M2jxUO83Rjf0HP7Sk1DtXj6j1EwkQNZrHAg2XPWlq62oqEhYvONq5pkC2Y9oPljWToLmQ==",
      "dev": true
    }
  }
}
